
Microsoft Visual Studio Solution File, Format Version 12.00
# Visual Studio Version 17
VisualStudioVersion = 17.11.35222.181
MinimumVisualStudioVersion = 10.0.40219.1
Project("{9A19103F-16F7-4668-BE54-9A1E7A4F7556}") = "TestWPF", "TestWPF\TestWPF\TestWPF.csproj", "{DAB1398F-A415-45AF-A2B5-449C7B25A69B}"
EndProject
Project("{9A19103F-16F7-4668-BE54-9A1E7A4F7556}") = "TestProject1", "TestWPF\TestProject1\TestProject1.csproj", "{137075AA-03BD-4DFB-8F1E-B862D02F2007}"
EndProject
Global
	GlobalSection(SolutionConfigurationPlatforms) = preSolution
		Debug|Any CPU = Debug|Any CPU
		Release|Any CPU = Release|Any CPU
	EndGlobalSection
	GlobalSection(ProjectConfigurationPlatforms) = postSolution
		{DAB1398F-A415-45AF-A2B5-449C7B25A69B}.Debug|Any CPU.ActiveCfg = Debug|Any CPU
		{DAB1398F-A415-45AF-A2B5-449C7B25A69B}.Debug|Any CPU.Build.0 = Debug|Any CPU
		{DAB1398F-A415-45AF-A2B5-449C7B25A69B}.Release|Any CPU.ActiveCfg = Release|Any CPU
		{DAB1398F-A415-45AF-A2B5-449C7B25A69B}.Release|Any CPU.Build.0 = Release|Any CPU
		{137075AA-03BD-4DFB-8F1E-B862D02F2007}.Debug|Any CPU.ActiveCfg = Debug|Any CPU
		{137075AA-03BD-4DFB-8F1E-B862D02F2007}.Debug|Any CPU.Build.0 = Debug|Any CPU
		{137075AA-03BD-4DFB-8F1E-B862D02F2007}.Release|Any CPU.ActiveCfg = Release|Any CPU
		{137075AA-03BD-4DFB-8F1E-B862D02F2007}.Release|Any CPU.Build.0 = Release|Any CPU
	EndGlobalSection
	GlobalSection(SolutionProperties) = preSolution
		HideSolutionNode = FALSE
	EndGlobalSection
	GlobalSection(ExtensibilityGlobals) = postSolution
		SolutionGuid = {2D197916-3745-444D-9D60-4F0C05F7EF45}
	EndGlobalSection
EndGlobal
